{
  "requires": true,
  "lockfileVersion": 1,
  "dependencies": {
    "chownr": {
      "version": "1.0.1",
      "resolved": "https://registry.npmjs.org/chownr/-/chownr-1.0.1.tgz",
      "integrity": "sha1-4qdQQqlVGQi+vSW4Uj1fl2nXkYE="
    },
    "minimist": {
      "version": "0.0.8",
      "resolved": "https://registry.npmjs.org/minimist/-/minimist-0.0.8.tgz",
      "integrity": "sha1-hX/Kv8M5fSYluCKCYuhqp6ARsF0="
    },
    "minipass": {
      "version": "2.2.1",
      "resolved": "https://registry.npmjs.org/minipass/-/minipass-2.2.1.tgz",
      "integrity": "sha512-u1aUllxPJUI07cOqzR7reGmQxmCqlH88uIIsf6XZFEWgw7gXKpJdR+5R9Y3KEDmWYkdIz9wXZs3C0jOPxejk/Q==",
      "requires": {
        "yallist": "3.0.2"
      }
    },
    "minizlib": {
      "version": "1.0.4",
      "resolved": "https://registry.npmjs.org/minizlib/-/minizlib-1.0.4.tgz",
      "integrity": "sha512-sN4U9tIJtBRwKbwgFh9qJfrPIQ/GGTRr1MGqkgOeMTLy8/lM0FcWU//FqlnZ3Vb7gJ+Mxh3FOg1EklibdajbaQ==",
      "requires": {
        "minipass": "2.2.1"
      }
    },
    "mkdirp": {
      "version": "0.5.1",
      "resolved": "https://registry.npmjs.org/mkdirp/-/mkdirp-0.5.1.tgz",
      "integrity": "sha1-MAV0OOrGz3+MR2fzhkjWaX11yQM=",
      "requires": {
        "minimist": "0.0.8"
      }
    },
    "tar": {
      "version": "4.0.2",
      "resolved": "https://registry.npmjs.org/tar/-/tar-4.0.2.tgz",
      "integrity": "sha512-4lWN4uAEWzw8aHyBUx9HWXvH3vIFEhOyvN22HfBzWpE07HaTBXM8ttSeCQpswRo5On4q3nmmYmk7Tomn0uhUaw==",
      "requires": {
        "chownr": "1.0.1",
        "minipass": "2.2.1",
        "minizlib": "1.0.4",
        "mkdirp": "0.5.1",
        "yallist": "3.0.2"
      }
    },
    "yallist": {
      "version": "3.0.2",
      "resolved": "https://registry.npmjs.org/yallist/-/yallist-3.0.2.tgz",
      "integrity": "sha1-hFK0u36Dx8GI2AQcGoN8dz1ti7k="
    }
  }
}
